
Microsoft Visual Studio Solution File, Format Version 12.00
# Visual Studio Version 16
VisualStudioVersion = 16.0.28803.202
MinimumVisualStudioVersion = 10.0.40219.1
Project("{FAE04EC0-301F-11D3-BF4B-00C04F79EFBC}") = "irbis64helper", "authorizer\irbis64helper.csproj", "{6C6D3E85-C27F-4F1A-A705-8EF01A500D1C}"
EndProject
Project("{FAE04EC0-301F-11D3-BF4B-00C04F79EFBC}") = "irbis64helper.Tests", "irbis64helper.Tests\irbis64helper.Tests.csproj", "{6007489D-CE5D-4B9D-8B84-48DBE79D66D3}"
EndProject
Project("{FAE04EC0-301F-11D3-BF4B-00C04F79EFBC}") = "ConsoleClient", "ConsoleClient\ConsoleClient.csproj", "{8AA9D89C-D610-4303-8C1B-56FEC04A08FE}"
EndProject
Global
	GlobalSection(SolutionConfigurationPlatforms) = preSolution
		Debug|Any CPU = Debug|Any CPU
		Release|Any CPU = Release|Any CPU
	EndGlobalSection
	GlobalSection(ProjectConfigurationPlatforms) = postSolution
		{6C6D3E85-C27F-4F1A-A705-8EF01A500D1C}.Debug|Any CPU.ActiveCfg = Debug|Any CPU
		{6C6D3E85-C27F-4F1A-A705-8EF01A500D1C}.Debug|Any CPU.Build.0 = Debug|Any CPU
		{6C6D3E85-C27F-4F1A-A705-8EF01A500D1C}.Release|Any CPU.ActiveCfg = Release|Any CPU
		{6C6D3E85-C27F-4F1A-A705-8EF01A500D1C}.Release|Any CPU.Build.0 = Release|Any CPU
		{6007489D-CE5D-4B9D-8B84-48DBE79D66D3}.Debug|Any CPU.ActiveCfg = Debug|Any CPU
		{6007489D-CE5D-4B9D-8B84-48DBE79D66D3}.Debug|Any CPU.Build.0 = Debug|Any CPU
		{6007489D-CE5D-4B9D-8B84-48DBE79D66D3}.Release|Any CPU.ActiveCfg = Release|Any CPU
		{6007489D-CE5D-4B9D-8B84-48DBE79D66D3}.Release|Any CPU.Build.0 = Release|Any CPU
		{8AA9D89C-D610-4303-8C1B-56FEC04A08FE}.Debug|Any CPU.ActiveCfg = Debug|Any CPU
		{8AA9D89C-D610-4303-8C1B-56FEC04A08FE}.Debug|Any CPU.Build.0 = Debug|Any CPU
		{8AA9D89C-D610-4303-8C1B-56FEC04A08FE}.Release|Any CPU.ActiveCfg = Release|Any CPU
		{8AA9D89C-D610-4303-8C1B-56FEC04A08FE}.Release|Any CPU.Build.0 = Release|Any CPU
	EndGlobalSection
	GlobalSection(SolutionProperties) = preSolution
		HideSolutionNode = FALSE
	EndGlobalSection
	GlobalSection(ExtensibilityGlobals) = postSolution
		SolutionGuid = {DFC9E788-E5F1-4E8F-84FB-4146D29CB874}
	EndGlobalSection
EndGlobal
